{
  "nodes": {
    "crate2nix": {
      "flake": false,
      "locked": {
        "lastModified": 1606659997,
        "narHash": "sha256-wpJOCcbgQNeV2Dq2rvbf9Atjs8So5m7wUaP0xdr4u3w=",
        "owner": "kolloch",
        "repo": "crate2nix",
        "rev": "3701179c8aef0677dab1915457ca0f367f2dc523",
        "type": "github"
      },
      "original": {
        "owner": "kolloch",
        "repo": "crate2nix",
        "type": "github"
      }
    },
    "nixpkgs": {
      "locked": {
        "lastModified": 1615308962,
        "narHash": "sha256-jBQUmb5aNfTNlFFV6TaQPySYnJhARV7TC5miBTn2FFs=",
        "owner": "NixOS",
        "repo": "nixpkgs",
        "rev": "8d327040c03fe8afbc2a2a9973af17b0d1a77bf4",
        "type": "github"
      },
      "original": {
        "owner": "NixOS",
        "repo": "nixpkgs",
        "type": "github"
      }
    },
    "root": {
      "inputs": {
        "crate2nix": "crate2nix",
        "nixpkgs": "nixpkgs",
        "utils": "utils"
      }
    },
    "utils": {
      "locked": {
        "lastModified": 1604964167,
        "narHash": "sha256-+mTmiCD29wecyDaGlbeWpvnysBygagl9FdMVfdU0RTM=",
        "owner": "numtide",
        "repo": "flake-utils",
        "rev": "af81e8d00b2cd021d8806104f14d66ae429dc2f7",
        "type": "github"
      },
      "original": {
        "owner": "numtide",
        "repo": "flake-utils",
        "type": "github"
      }
    }
  },
  "root": "root",
  "version": 7
}
