{
  "nodes": {
    "nixpkgs": {
      "locked": {
        "lastModified": 1604987532,
        "narHash": "sha256-O3afggEbKLxnHbNmZq6Mno8dbtNrPk5D2RN3x5HoH5U=",
        "owner": "NixOS",
        "repo": "nixpkgs",
        "rev": "dd1b7e377f6d77ddee4ab84be11173d3566d6a18",
        "type": "github"
      },
      "original": {
        "owner": "NixOS",
        "ref": "nixpkgs-unstable",
        "repo": "nixpkgs",
        "type": "github"
      }
    },
    "root": {
      "inputs": {
        "nixpkgs": "nixpkgs",
        "utils": "utils"
      }
    },
    "utils": {
      "locked": {
        "lastModified": 1604964167,
        "narHash": "sha256-+mTmiCD29wecyDaGlbeWpvnysBygagl9FdMVfdU0RTM=",
        "owner": "numtide",
        "repo": "flake-utils",
        "rev": "af81e8d00b2cd021d8806104f14d66ae429dc2f7",
        "type": "github"
      },
      "original": {
        "owner": "numtide",
        "repo": "flake-utils",
        "type": "github"
      }
    }
  },
  "root": "root",
  "version": 7
}
